
Microsoft Visual Studio Solution File, Format Version 12.00
# Visual Studio Version 17
VisualStudioVersion = 17.0.32014.148
MinimumVisualStudioVersion = 10.0.40219.1
Project("{9A19103F-16F7-4668-BE54-9A1E7A4F7556}") = "SolmangoNET", "SolmangoNET\SolmangoNET.csproj", "{CBAC653B-FD52-466F-A5BC-5B538822501B}"
EndProject
Global
	GlobalSection(SolutionConfigurationPlatforms) = preSolution
		Debug|Any CPU = Debug|Any CPU
		Debug|x64 = Debug|x64
		Release|Any CPU = Release|Any CPU
		Release|x64 = Release|x64
	EndGlobalSection
	GlobalSection(ProjectConfigurationPlatforms) = postSolution
		{CBAC653B-FD52-466F-A5BC-5B538822501B}.Debug|Any CPU.ActiveCfg = Debug|Any CPU
		{CBAC653B-FD52-466F-A5BC-5B538822501B}.Debug|Any CPU.Build.0 = Debug|Any CPU
		{CBAC653B-FD52-466F-A5BC-5B538822501B}.Debug|x64.ActiveCfg = Debug|x64
		{CBAC653B-FD52-466F-A5BC-5B538822501B}.Debug|x64.Build.0 = Debug|x64
		{CBAC653B-FD52-466F-A5BC-5B538822501B}.Release|Any CPU.ActiveCfg = Release|Any CPU
		{CBAC653B-FD52-466F-A5BC-5B538822501B}.Release|Any CPU.Build.0 = Release|Any CPU
		{CBAC653B-FD52-466F-A5BC-5B538822501B}.Release|x64.ActiveCfg = Release|x64
		{CBAC653B-FD52-466F-A5BC-5B538822501B}.Release|x64.Build.0 = Release|x64
	EndGlobalSection
	GlobalSection(SolutionProperties) = preSolution
		HideSolutionNode = FALSE
	EndGlobalSection
	GlobalSection(ExtensibilityGlobals) = postSolution
		SolutionGuid = {4DC59E22-A6DE-489E-AF79-89A21652C54E}
	EndGlobalSection
EndGlobal
